
Microsoft Visual Studio Solution File, Format Version 12.00
# Visual Studio Version 16
VisualStudioVersion = 16.0.30621.155
MinimumVisualStudioVersion = 10.0.40219.1
Project("{FAE04EC0-301F-11D3-BF4B-00C04F79EFBC}") = "Codility", "Codility\Codility.csproj", "{812B76AE-676E-4B83-8729-637B96C67CF8}"
EndProject
Global
	GlobalSection(SolutionConfigurationPlatforms) = preSolution
		Debug|Any CPU = Debug|Any CPU
		Release|Any CPU = Release|Any CPU
	EndGlobalSection
	GlobalSection(ProjectConfigurationPlatforms) = postSolution
		{812B76AE-676E-4B83-8729-637B96C67CF8}.Debug|Any CPU.ActiveCfg = Debug|Any CPU
		{812B76AE-676E-4B83-8729-637B96C67CF8}.Debug|Any CPU.Build.0 = Debug|Any CPU
		{812B76AE-676E-4B83-8729-637B96C67CF8}.Release|Any CPU.ActiveCfg = Release|Any CPU
		{812B76AE-676E-4B83-8729-637B96C67CF8}.Release|Any CPU.Build.0 = Release|Any CPU
	EndGlobalSection
	GlobalSection(SolutionProperties) = preSolution
		HideSolutionNode = FALSE
	EndGlobalSection
	GlobalSection(ExtensibilityGlobals) = postSolution
		SolutionGuid = {F7276BB4-E639-430E-B91F-02A3B1DF47A8}
	EndGlobalSection
EndGlobal
